{
  "requires": true,
  "lockfileVersion": 1,
  "dependencies": {
    "gsap": {
      "version": "3.8.0",
      "resolved": "https://registry.npmjs.org/gsap/-/gsap-3.8.0.tgz",
      "integrity": "sha512-cvpzKkWFePDZCycwXwJnDSpTR3j+a4QLQF/t0c+pXqzRESgAYx5hieaoshzZFjbwsARqr0+5c3GKE7wI273w/g==",
      "dev": true
    },
    "nuxt-gsap-module": {
      "version": "1.5.0",
      "resolved": "https://registry.npmjs.org/nuxt-gsap-module/-/nuxt-gsap-module-1.5.0.tgz",
      "integrity": "sha512-/rtD6XEJ31fSEGEuL7x9Yajznp8WUHJ4GmbxJ+66abj0B8ZB+xa0whmI6N/Ih8ene09WBojHiWuBzXdMPw8FJQ==",
      "dev": true,
      "requires": {
        "gsap": "^3.8.0"
      }
    }
  }
}
